
Microsoft Visual Studio Solution File, Format Version 12.00
# Visual Studio Version 17
VisualStudioVersion = 17.0.31903.59
MinimumVisualStudioVersion = 10.0.40219.1
Project("{2150E333-8FDC-42A3-9474-1A3956D46DE8}") = "order-service", "order-service", "{A7A9BD91-A3D6-48F9-BC0C-E59AB79E1B37}"
EndProject
Project("{2150E333-8FDC-42A3-9474-1A3956D46DE8}") = "OrderService", "OrderService", "{5FAC62AD-47CB-459A-AD9F-FD1C028AF147}"
EndProject
Project("{FAE04EC0-301F-11D3-BF4B-00C04F79EFBC}") = "order-service.API", "order-service\OrderService\order-service.API\order-service.API.csproj", "{1ECAF926-130D-4808-B916-8F9647356CF8}"
EndProject
Project("{FAE04EC0-301F-11D3-BF4B-00C04F79EFBC}") = "order-service.Application", "order-service\OrderService\order-service.Application\order-service.Application.csproj", "{F81A74C1-E279-4AA8-B6D2-EB35FBB7F8AC}"
EndProject
Project("{FAE04EC0-301F-11D3-BF4B-00C04F79EFBC}") = "order-service.Domain", "order-service\OrderService\order-service.Domain\order-service.Domain.csproj", "{A5C65844-F3C9-4696-B67A-A68149232CDB}"
EndProject
Project("{FAE04EC0-301F-11D3-BF4B-00C04F79EFBC}") = "order-service.Infrastructure", "order-service\OrderService\order-service.Infrastructure\order-service.Infrastructure.csproj", "{44C8F779-BCD9-4B79-A31C-AC31A7292B7C}"
EndProject
Global
	GlobalSection(SolutionConfigurationPlatforms) = preSolution
		Debug|Any CPU = Debug|Any CPU
		Release|Any CPU = Release|Any CPU
	EndGlobalSection
	GlobalSection(SolutionProperties) = preSolution
		HideSolutionNode = FALSE
	EndGlobalSection
	GlobalSection(SolutionGuidances) = preSolution
	EndGlobalSection
	GlobalSection(ProjectConfigurationPlatforms) = postSolution
		{1ECAF926-130D-4808-B916-8F9647356CF8}.Debug|Any CPU.ActiveCfg = Debug|Any CPU
		{1ECAF926-130D-4808-B916-8F9647356CF8}.Debug|Any CPU.Build.0 = Debug|Any CPU
		{1ECAF926-130D-4808-B916-8F9647356CF8}.Release|Any CPU.ActiveCfg = Release|Any CPU
		{1ECAF926-130D-4808-B916-8F9647356CF8}.Release|Any CPU.Build.0 = Release|Any CPU
		{F81A74C1-E279-4AA8-B6D2-EB35FBB7F8AC}.Debug|Any CPU.ActiveCfg = Debug|Any CPU
		{F81A74C1-E279-4AA8-B6D2-EB35FBB7F8AC}.Debug|Any CPU.Build.0 = Debug|Any CPU
		{F81A74C1-E279-4AA8-B6D2-EB35FBB7F8AC}.Release|Any CPU.ActiveCfg = Release|Any CPU
		{F81A74C1-E279-4AA8-B6D2-EB35FBB7F8AC}.Release|Any CPU.Build.0 = Release|Any CPU
		{A5C65844-F3C9-4696-B67A-A68149232CDB}.Debug|Any CPU.ActiveCfg = Debug|Any CPU
		{A5C65844-F3C9-4696-B67A-A68149232CDB}.Debug|Any CPU.Build.0 = Debug|Any CPU
		{A5C65844-F3C9-4696-B67A-A68149232CDB}.Release|Any CPU.ActiveCfg = Release|Any CPU
		{A5C65844-F3C9-4696-B67A-A68149232CDB}.Release|Any CPU.Build.0 = Release|Any CPU
		{44C8F779-BCD9-4B79-A31C-AC31A7292B7C}.Debug|Any CPU.ActiveCfg = Debug|Any CPU
		{44C8F779-BCD9-4B79-A31C-AC31A7292B7C}.Debug|Any CPU.Build.0 = Debug|Any CPU
		{44C8F779-BCD9-4B79-A31C-AC31A7292B7C}.Release|Any CPU.ActiveCfg = Release|Any CPU
		{44C8F779-BCD9-4B79-A31C-AC31A7292B7C}.Release|Any CPU.Build.0 = Release|Any CPU
	EndGlobalSection
	GlobalSection(NestedProjects) = preSolution
		{5FAC62AD-47CB-459A-AD9F-FD1C028AF147} = {A7A9BD91-A3D6-48F9-BC0C-E59AB79E1B37}
		{1ECAF926-130D-4808-B916-8F9647356CF8} = {5FAC62AD-47CB-459A-AD9F-FD1C028AF147}
		{F81A74C1-E279-4AA8-B6D2-EB35FBB7F8AC} = {5FAC62AD-47CB-459A-AD9F-FD1C028AF147}
		{A5C65844-F3C9-4696-B67A-A68149232CDB} = {5FAC62AD-47CB-459A-AD9F-FD1C028AF147}
		{44C8F779-BCD9-4B79-A31C-AC31A7292B7C} = {5FAC62AD-47CB-459A-AD9F-FD1C028AF147}
	EndGlobalSection
EndGlobal
